// !$*UTF8*$!
{
	archiveVersion = 1;
	classes = {
	};
	objectVersion = 56;
	objects = {

/* Begin PBXBuildFile section */
		5A6DE69E28BA0AFD0000A294 /* CustomSectionModifier.swift in Sources */ = {isa = PBXBuildFile; fileRef = 5A6DE69D28BA0AFD0000A294 /* CustomSectionModifier.swift */; };
		5A77572E2A025975008DA2D5 /* StoreProductView.swift in Sources */ = {isa = PBXBuildFile; fileRef = 5A77572D2A025975008DA2D5 /* StoreProductView.swift */; };
		5A913E362A21E72300595CD7 /* VisualEffectView.swift in Sources */ = {isa = PBXBuildFile; fileRef = 5A913E352A21E72300595CD7 /* VisualEffectView.swift */; };
		5A913E382A21E99B00595CD7 /* EventDetailView.swift in Sources */ = {isa = PBXBuildFile; fileRef = 5A913E372A21E99B00595CD7 /* EventDetailView.swift */; };
		5A913E3A2A221B8200595CD7 /* EventSource.swift in Sources */ = {isa = PBXBuildFile; fileRef = 5A913E392A221B8200595CD7 /* EventSource.swift */; };
		5A99D84F2A26EE1E006029B0 /* apple_event_23_6_6.usdz in Resources */ = {isa = PBXBuildFile; fileRef = 5A99D84E2A26EE1E006029B0 /* apple_event_23_6_6.usdz */; };
		5A9D932128B8D8D500BF05E5 /* AppleEventCollectionApp.swift in Sources */ = {isa = PBXBuildFile; fileRef = 5A9D932028B8D8D500BF05E5 /* AppleEventCollectionApp.swift */; };
		5A9D932328B8D8D500BF05E5 /* HomeView.swift in Sources */ = {isa = PBXBuildFile; fileRef = 5A9D932228B8D8D500BF05E5 /* HomeView.swift */; };
		5A9D932528B8D8D600BF05E5 /* Assets.xcassets in Resources */ = {isa = PBXBuildFile; fileRef = 5A9D932428B8D8D600BF05E5 /* Assets.xcassets */; };
		5A9D932828B8D8D600BF05E5 /* Preview Assets.xcassets in Resources */ = {isa = PBXBuildFile; fileRef = 5A9D932728B8D8D600BF05E5 /* Preview Assets.xcassets */; };
		5A9D933028B8D9FC00BF05E5 /* AppleEventModel.swift in Sources */ = {isa = PBXBuildFile; fileRef = 5A9D932F28B8D9FC00BF05E5 /* AppleEventModel.swift */; };
		5A9D933328B8DDB100BF05E5 /* SpecialEventView.swift in Sources */ = {isa = PBXBuildFile; fileRef = 5A9D933228B8DDB100BF05E5 /* SpecialEventView.swift */; };
		5A9D933528B8DDFD00BF05E5 /* AppStatus.swift in Sources */ = {isa = PBXBuildFile; fileRef = 5A9D933428B8DDFD00BF05E5 /* AppStatus.swift */; };
		5A9D933728B8DE2500BF05E5 /* HeroView.swift in Sources */ = {isa = PBXBuildFile; fileRef = 5A9D933628B8DE2500BF05E5 /* HeroView.swift */; };
		5A9D933B28B8DEAA00BF05E5 /* ARQuickLookView.swift in Sources */ = {isa = PBXBuildFile; fileRef = 5A9D933A28B8DEAA00BF05E5 /* ARQuickLookView.swift */; };
		5A9D933E28B8DF0100BF05E5 /* ADAEventList.swift in Sources */ = {isa = PBXBuildFile; fileRef = 5A9D933D28B8DF0100BF05E5 /* ADAEventList.swift */; };
		5A9D934028B8DF9100BF05E5 /* WWDCEventList.swift in Sources */ = {isa = PBXBuildFile; fileRef = 5A9D933F28B8DF9100BF05E5 /* WWDCEventList.swift */; };
		5A9D934228B8DFBE00BF05E5 /* AppleEventList.swift in Sources */ = {isa = PBXBuildFile; fileRef = 5A9D934128B8DFBE00BF05E5 /* AppleEventList.swift */; };
		5A9D936628B8E45E00BF05E5 /* apple_event_20_11_10.usdz in Resources */ = {isa = PBXBuildFile; fileRef = 5A9D934428B8E45E00BF05E5 /* apple_event_20_11_10.usdz */; };
		5A9D936728B8E45E00BF05E5 /* apple_event_22_3_8.reality in Resources */ = {isa = PBXBuildFile; fileRef = 5A9D934528B8E45E00BF05E5 /* apple_event_22_3_8.reality */; };
		5A9D936828B8E45E00BF05E5 /* apple_event_21_9_14.reality in Resources */ = {isa = PBXBuildFile; fileRef = 5A9D934628B8E45E00BF05E5 /* apple_event_21_9_14.reality */; };
		5A9D936928B8E45E00BF05E5 /* apple_event_20_9_15.usdz in Resources */ = {isa = PBXBuildFile; fileRef = 5A9D934728B8E45E00BF05E5 /* apple_event_20_9_15.usdz */; };
		5A9D936A28B8E45E00BF05E5 /* apple_event_20_10_13.usdz in Resources */ = {isa = PBXBuildFile; fileRef = 5A9D934828B8E45E00BF05E5 /* apple_event_20_10_13.usdz */; };
		5A9D936B28B8E45E00BF05E5 /* apple_event_22_9_7.reality in Resources */ = {isa = PBXBuildFile; fileRef = 5A9D934928B8E45E00BF05E5 /* apple_event_22_9_7.reality */; };
		5A9D936C28B8E45E00BF05E5 /* apple_event_en_26.usdz in Resources */ = {isa = PBXBuildFile; fileRef = 5A9D934B28B8E45E00BF05E5 /* apple_event_en_26.usdz */; };
		5A9D936D28B8E45E00BF05E5 /* apple_event_en_8.usdz in Resources */ = {isa = PBXBuildFile; fileRef = 5A9D934C28B8E45E00BF05E5 /* apple_event_en_8.usdz */; };
		5A9D936E28B8E45E00BF05E5 /* apple_event_en_10.usdz in Resources */ = {isa = PBXBuildFile; fileRef = 5A9D934D28B8E45E00BF05E5 /* apple_event_en_10.usdz */; };
		5A9D936F28B8E45E00BF05E5 /* apple_event_en_4.usdz in Resources */ = {isa = PBXBuildFile; fileRef = 5A9D934E28B8E45E00BF05E5 /* apple_event_en_4.usdz */; };
		5A9D937028B8E45E00BF05E5 /* apple_event_en_5.usdz in Resources */ = {isa = PBXBuildFile; fileRef = 5A9D934F28B8E45E00BF05E5 /* apple_event_en_5.usdz */; };
		5A9D937128B8E45E00BF05E5 /* apple_event_en_11.usdz in Resources */ = {isa = PBXBuildFile; fileRef = 5A9D935028B8E45E00BF05E5 /* apple_event_en_11.usdz */; };
		5A9D937228B8E45E00BF05E5 /* apple_event_en_9.usdz in Resources */ = {isa = PBXBuildFile; fileRef = 5A9D935128B8E45E00BF05E5 /* apple_event_en_9.usdz */; };
		5A9D937328B8E45E00BF05E5 /* apple_event_en_16.usdz in Resources */ = {isa = PBXBuildFile; fileRef = 5A9D935228B8E45E00BF05E5 /* apple_event_en_16.usdz */; };
		5A9D937428B8E45E00BF05E5 /* apple_event_en_2.usdz in Resources */ = {isa = PBXBuildFile; fileRef = 5A9D935328B8E45E00BF05E5 /* apple_event_en_2.usdz */; };
		5A9D937528B8E45E00BF05E5 /* apple_event_en_20.usdz in Resources */ = {isa = PBXBuildFile; fileRef = 5A9D935428B8E45E00BF05E5 /* apple_event_en_20.usdz */; };
		5A9D937628B8E45E00BF05E5 /* apple_event_en_21.usdz in Resources */ = {isa = PBXBuildFile; fileRef = 5A9D935528B8E45E00BF05E5 /* apple_event_en_21.usdz */; };
		5A9D937728B8E45E00BF05E5 /* apple_event_en_3.usdz in Resources */ = {isa = PBXBuildFile; fileRef = 5A9D935628B8E45E00BF05E5 /* apple_event_en_3.usdz */; };
		5A9D937828B8E45E00BF05E5 /* apple_event_en_17.usdz in Resources */ = {isa = PBXBuildFile; fileRef = 5A9D935728B8E45E00BF05E5 /* apple_event_en_17.usdz */; };
		5A9D937928B8E45E00BF05E5 /* apple_event_en_22.usdz in Resources */ = {isa = PBXBuildFile; fileRef = 5A9D935828B8E45E00BF05E5 /* apple_event_en_22.usdz */; };
		5A9D937A28B8E45E00BF05E5 /* apple_event_en_18.usdz in Resources */ = {isa = PBXBuildFile; fileRef = 5A9D935928B8E45E00BF05E5 /* apple_event_en_18.usdz */; };
		5A9D937B28B8E45E00BF05E5 /* apple_event_en_19.usdz in Resources */ = {isa = PBXBuildFile; fileRef = 5A9D935A28B8E45E00BF05E5 /* apple_event_en_19.usdz */; };
		5A9D937C28B8E45E00BF05E5 /* apple_event_en_23.usdz in Resources */ = {isa = PBXBuildFile; fileRef = 5A9D935B28B8E45E00BF05E5 /* apple_event_en_23.usdz */; };
		5A9D937D28B8E45E00BF05E5 /* apple_event_en_15.usdz in Resources */ = {isa = PBXBuildFile; fileRef = 5A9D935C28B8E45E00BF05E5 /* apple_event_en_15.usdz */; };
		5A9D937E28B8E45E00BF05E5 /* apple_event_en_1.usdz in Resources */ = {isa = PBXBuildFile; fileRef = 5A9D935D28B8E45E00BF05E5 /* apple_event_en_1.usdz */; };
		5A9D937F28B8E45E00BF05E5 /* apple_event_en_24.usdz in Resources */ = {isa = PBXBuildFile; fileRef = 5A9D935E28B8E45E00BF05E5 /* apple_event_en_24.usdz */; };
		5A9D938028B8E45E00BF05E5 /* apple_event_en_6.usdz in Resources */ = {isa = PBXBuildFile; fileRef = 5A9D935F28B8E45E00BF05E5 /* apple_event_en_6.usdz */; };
		5A9D938128B8E45E00BF05E5 /* apple_event_en_12.usdz in Resources */ = {isa = PBXBuildFile; fileRef = 5A9D936028B8E45E00BF05E5 /* apple_event_en_12.usdz */; };
		5A9D938228B8E45E00BF05E5 /* apple_event_en_13.usdz in Resources */ = {isa = PBXBuildFile; fileRef = 5A9D936128B8E45E00BF05E5 /* apple_event_en_13.usdz */; };
		5A9D938328B8E45E00BF05E5 /* apple_event_en_7.usdz in Resources */ = {isa = PBXBuildFile; fileRef = 5A9D936228B8E45E00BF05E5 /* apple_event_en_7.usdz */; };
		5A9D938428B8E45E00BF05E5 /* apple_event_en_25.usdz in Resources */ = {isa = PBXBuildFile; fileRef = 5A9D936328B8E45E00BF05E5 /* apple_event_en_25.usdz */; };
		5A9D938528B8E45E00BF05E5 /* apple_event_21_10_18.reality in Resources */ = {isa = PBXBuildFile; fileRef = 5A9D936428B8E45E00BF05E5 /* apple_event_21_10_18.reality */; };
		5A9D938628B8E45E00BF05E5 /* apple_event_21_4_20.usdz in Resources */ = {isa = PBXBuildFile; fileRef = 5A9D936528B8E45E00BF05E5 /* apple_event_21_4_20.usdz */; };
/* End PBXBuildFile section */

/* Begin PBXFileReference section */
		5A6DE69D28BA0AFD0000A294 /* CustomSectionModifier.swift */ = {isa = PBXFileReference; lastKnownFileType = sourcecode.swift; path = CustomSectionModifier.swift; sourceTree = "<group>"; };
		5A77572D2A025975008DA2D5 /* StoreProductView.swift */ = {isa = PBXFileReference; lastKnownFileType = sourcecode.swift; path = StoreProductView.swift; sourceTree = "<group>"; };
		5A913E352A21E72300595CD7 /* VisualEffectView.swift */ = {isa = PBXFileReference; lastKnownFileType = sourcecode.swift; path = VisualEffectView.swift; sourceTree = "<group>"; };
		5A913E372A21E99B00595CD7 /* EventDetailView.swift */ = {isa = PBXFileReference; lastKnownFileType = sourcecode.swift; path = EventDetailView.swift; sourceTree = "<group>"; };
		5A913E392A221B8200595CD7 /* EventSource.swift */ = {isa = PBXFileReference; lastKnownFileType = sourcecode.swift; path = EventSource.swift; sourceTree = "<group>"; };
		5A99D84E2A26EE1E006029B0 /* apple_event_23_6_6.usdz */ = {isa = PBXFileReference; lastKnownFileType = file.usdz; path = apple_event_23_6_6.usdz; sourceTree = "<group>"; };
		5A9D931D28B8D8D500BF05E5 /* Special Event.app */ = {isa = PBXFileReference; explicitFileType = wrapper.application; includeInIndex = 0; path = "Special Event.app"; sourceTree = BUILT_PRODUCTS_DIR; };
		5A9D932028B8D8D500BF05E5 /* AppleEventCollectionApp.swift */ = {isa = PBXFileReference; lastKnownFileType = sourcecode.swift; path = AppleEventCollectionApp.swift; sourceTree = "<group>"; };
		5A9D932228B8D8D500BF05E5 /* HomeView.swift */ = {isa = PBXFileReference; lastKnownFileType = sourcecode.swift; path = HomeView.swift; sourceTree = "<group>"; };
		5A9D932428B8D8D600BF05E5 /* Assets.xcassets */ = {isa = PBXFileReference; lastKnownFileType = folder.assetcatalog; path = Assets.xcassets; sourceTree = "<group>"; };
		5A9D932728B8D8D600BF05E5 /* Preview Assets.xcassets */ = {isa = PBXFileReference; lastKnownFileType = folder.assetcatalog; path = "Preview Assets.xcassets"; sourceTree = "<group>"; };
		5A9D932F28B8D9FC00BF05E5 /* AppleEventModel.swift */ = {isa = PBXFileReference; lastKnownFileType = sourcecode.swift; path = AppleEventModel.swift; sourceTree = "<group>"; };
		5A9D933228B8DDB100BF05E5 /* SpecialEventView.swift */ = {isa = PBXFileReference; lastKnownFileType = sourcecode.swift; path = SpecialEventView.swift; sourceTree = "<group>"; };
		5A9D933428B8DDFD00BF05E5 /* AppStatus.swift */ = {isa = PBXFileReference; lastKnownFileType = sourcecode.swift; path = AppStatus.swift; sourceTree = "<group>"; };
		5A9D933628B8DE2500BF05E5 /* HeroView.swift */ = {isa = PBXFileReference; lastKnownFileType = sourcecode.swift; path = HeroView.swift; sourceTree = "<group>"; };
		5A9D933A28B8DEAA00BF05E5 /* ARQuickLookView.swift */ = {isa = PBXFileReference; lastKnownFileType = sourcecode.swift; path = ARQuickLookView.swift; sourceTree = "<group>"; };
		5A9D933D28B8DF0100BF05E5 /* ADAEventList.swift */ = {isa = PBXFileReference; lastKnownFileType = sourcecode.swift; path = ADAEventList.swift; sourceTree = "<group>"; };
		5A9D933F28B8DF9100BF05E5 /* WWDCEventList.swift */ = {isa = PBXFileReference; lastKnownFileType = sourcecode.swift; path = WWDCEventList.swift; sourceTree = "<group>"; };
		5A9D934128B8DFBE00BF05E5 /* AppleEventList.swift */ = {isa = PBXFileReference; lastKnownFileType = sourcecode.swift; path = AppleEventList.swift; sourceTree = "<group>"; };
		5A9D934428B8E45E00BF05E5 /* apple_event_20_11_10.usdz */ = {isa = PBXFileReference; lastKnownFileType = file.usdz; path = apple_event_20_11_10.usdz; sourceTree = "<group>"; };
		5A9D934528B8E45E00BF05E5 /* apple_event_22_3_8.reality */ = {isa = PBXFileReference; lastKnownFileType = file; path = apple_event_22_3_8.reality; sourceTree = "<group>"; };
		5A9D934628B8E45E00BF05E5 /* apple_event_21_9_14.reality */ = {isa = PBXFileReference; lastKnownFileType = file; path = apple_event_21_9_14.reality; sourceTree = "<group>"; };
		5A9D934728B8E45E00BF05E5 /* apple_event_20_9_15.usdz */ = {isa = PBXFileReference; lastKnownFileType = file.usdz; path = apple_event_20_9_15.usdz; sourceTree = "<group>"; };
		5A9D934828B8E45E00BF05E5 /* apple_event_20_10_13.usdz */ = {isa = PBXFileReference; lastKnownFileType = file.usdz; path = apple_event_20_10_13.usdz; sourceTree = "<group>"; };
		5A9D934928B8E45E00BF05E5 /* apple_event_22_9_7.reality */ = {isa = PBXFileReference; lastKnownFileType = file; path = apple_event_22_9_7.reality; sourceTree = "<group>"; };
		5A9D934B28B8E45E00BF05E5 /* apple_event_en_26.usdz */ = {isa = PBXFileReference; lastKnownFileType = file.usdz; path = apple_event_en_26.usdz; sourceTree = "<group>"; };
		5A9D934C28B8E45E00BF05E5 /* apple_event_en_8.usdz */ = {isa = PBXFileReference; lastKnownFileType = file.usdz; path = apple_event_en_8.usdz; sourceTree = "<group>"; };
		5A9D934D28B8E45E00BF05E5 /* apple_event_en_10.usdz */ = {isa = PBXFileReference; lastKnownFileType = file.usdz; path = apple_event_en_10.usdz; sourceTree = "<group>"; };
		5A9D934E28B8E45E00BF05E5 /* apple_event_en_4.usdz */ = {isa = PBXFileReference; lastKnownFileType = file.usdz; path = apple_event_en_4.usdz; sourceTree = "<group>"; };
		5A9D934F28B8E45E00BF05E5 /* apple_event_en_5.usdz */ = {isa = PBXFileReference; lastKnownFileType = file.usdz; path = apple_event_en_5.usdz; sourceTree = "<group>"; };
		5A9D935028B8E45E00BF05E5 /* apple_event_en_11.usdz */ = {isa = PBXFileReference; lastKnownFileType = file.usdz; path = apple_event_en_11.usdz; sourceTree = "<group>"; };
		5A9D935128B8E45E00BF05E5 /* apple_event_en_9.usdz */ = {isa = PBXFileReference; lastKnownFileType = file.usdz; path = apple_event_en_9.usdz; sourceTree = "<group>"; };
		5A9D935228B8E45E00BF05E5 /* apple_event_en_16.usdz */ = {isa = PBXFileReference; lastKnownFileType = file.usdz; path = apple_event_en_16.usdz; sourceTree = "<group>"; };
		5A9D935328B8E45E00BF05E5 /* apple_event_en_2.usdz */ = {isa = PBXFileReference; lastKnownFileType = file.usdz; path = apple_event_en_2.usdz; sourceTree = "<group>"; };
		5A9D935428B8E45E00BF05E5 /* apple_event_en_20.usdz */ = {isa = PBXFileReference; lastKnownFileType = file.usdz; path = apple_event_en_20.usdz; sourceTree = "<group>"; };
		5A9D935528B8E45E00BF05E5 /* apple_event_en_21.usdz */ = {isa = PBXFileReference; lastKnownFileType = file.usdz; path = apple_event_en_21.usdz; sourceTree = "<group>"; };
		5A9D935628B8E45E00BF05E5 /* apple_event_en_3.usdz */ = {isa = PBXFileReference; lastKnownFileType = file.usdz; path = apple_event_en_3.usdz; sourceTree = "<group>"; };
		5A9D935728B8E45E00BF05E5 /* apple_event_en_17.usdz */ = {isa = PBXFileReference; lastKnownFileType = file.usdz; path = apple_event_en_17.usdz; sourceTree = "<group>"; };
		5A9D935828B8E45E00BF05E5 /* apple_event_en_22.usdz */ = {isa = PBXFileReference; lastKnownFileType = file.usdz; path = apple_event_en_22.usdz; sourceTree = "<group>"; };
		5A9D935928B8E45E00BF05E5 /* apple_event_en_18.usdz */ = {isa = PBXFileReference; lastKnownFileType = file.usdz; path = apple_event_en_18.usdz; sourceTree = "<group>"; };
		5A9D935A28B8E45E00BF05E5 /* apple_event_en_19.usdz */ = {isa = PBXFileReference; lastKnownFileType = file.usdz; path = apple_event_en_19.usdz; sourceTree = "<group>"; };
		5A9D935B28B8E45E00BF05E5 /* apple_event_en_23.usdz */ = {isa = PBXFileReference; lastKnownFileType = file.usdz; path = apple_event_en_23.usdz; sourceTree = "<group>"; };
		5A9D935C28B8E45E00BF05E5 /* apple_event_en_15.usdz */ = {isa = PBXFileReference; lastKnownFileType = file.usdz; path = apple_event_en_15.usdz; sourceTree = "<group>"; };
		5A9D935D28B8E45E00BF05E5 /* apple_event_en_1.usdz */ = {isa = PBXFileReference; lastKnownFileType = file.usdz; path = apple_event_en_1.usdz; sourceTree = "<group>"; };
		5A9D935E28B8E45E00BF05E5 /* apple_event_en_24.usdz */ = {isa = PBXFileReference; lastKnownFileType = file.usdz; path = apple_event_en_24.usdz; sourceTree = "<group>"; };
		5A9D935F28B8E45E00BF05E5 /* apple_event_en_6.usdz */ = {isa = PBXFileReference; lastKnownFileType = file.usdz; path = apple_event_en_6.usdz; sourceTree = "<group>"; };
		5A9D936028B8E45E00BF05E5 /* apple_event_en_12.usdz */ = {isa = PBXFileReference; lastKnownFileType = file.usdz; path = apple_event_en_12.usdz; sourceTree = "<group>"; };
		5A9D936128B8E45E00BF05E5 /* apple_event_en_13.usdz */ = {isa = PBXFileReference; lastKnownFileType = file.usdz; path = apple_event_en_13.usdz; sourceTree = "<group>"; };
		5A9D936228B8E45E00BF05E5 /* apple_event_en_7.usdz */ = {isa = PBXFileReference; lastKnownFileType = file.usdz; path = apple_event_en_7.usdz; sourceTree = "<group>"; };
		5A9D936328B8E45E00BF05E5 /* apple_event_en_25.usdz */ = {isa = PBXFileReference; lastKnownFileType = file.usdz; path = apple_event_en_25.usdz; sourceTree = "<group>"; };
		5A9D936428B8E45E00BF05E5 /* apple_event_21_10_18.reality */ = {isa = PBXFileReference; lastKnownFileType = file; path = apple_event_21_10_18.reality; sourceTree = "<group>"; };
		5A9D936528B8E45E00BF05E5 /* apple_event_21_4_20.usdz */ = {isa = PBXFileReference; lastKnownFileType = file.usdz; path = apple_event_21_4_20.usdz; sourceTree = "<group>"; };
/* End PBXFileReference section */

/* Begin PBXFrameworksBuildPhase section */
		5A9D931A28B8D8D500BF05E5 /* Frameworks */ = {
			isa = PBXFrameworksBuildPhase;
			buildActionMask = 2147483647;
			files = (
			);
			runOnlyForDeploymentPostprocessing = 0;
		};
/* End PBXFrameworksBuildPhase section */

/* Begin PBXGroup section */
		5A6DE69C28BA0AEE0000A294 /* Extensions */ = {
			isa = PBXGroup;
			children = (
				5A6DE69D28BA0AFD0000A294 /* CustomSectionModifier.swift */,
				5A913E352A21E72300595CD7 /* VisualEffectView.swift */,
			);
			path = Extensions;
			sourceTree = "<group>";
		};
		5A9D931428B8D8D500BF05E5 = {
			isa = PBXGroup;
			children = (
				5A9D934328B8E45E00BF05E5 /* AppleEvent */,
				5A9D931F28B8D8D500BF05E5 /* AppleEventCollection */,
				5A9D931E28B8D8D500BF05E5 /* Products */,
			);
			sourceTree = "<group>";
		};
		5A9D931E28B8D8D500BF05E5 /* Products */ = {
			isa = PBXGroup;
			children = (
				5A9D931D28B8D8D500BF05E5 /* Special Event.app */,
			);
			name = Products;
			sourceTree = "<group>";
		};
		5A9D931F28B8D8D500BF05E5 /* AppleEventCollection */ = {
			isa = PBXGroup;
			children = (
				5A9D933C28B8DEF700BF05E5 /* DataSource */,
				5A9D933128B8DDA400BF05E5 /* View */,
				5A9D932E28B8D9F000BF05E5 /* Model */,
				5A9D932028B8D8D500BF05E5 /* AppleEventCollectionApp.swift */,
				5A9D932228B8D8D500BF05E5 /* HomeView.swift */,
				5A9D932428B8D8D600BF05E5 /* Assets.xcassets */,
				5A9D932628B8D8D600BF05E5 /* Preview Content */,
			);
			path = AppleEventCollection;
			sourceTree = "<group>";
		};
		5A9D932628B8D8D600BF05E5 /* Preview Content */ = {
			isa = PBXGroup;
			children = (
				5A9D932728B8D8D600BF05E5 /* Preview Assets.xcassets */,
			);
			path = "Preview Content";
			sourceTree = "<group>";
		};
		5A9D932E28B8D9F000BF05E5 /* Model */ = {
			isa = PBXGroup;
			children = (
				5A9D932F28B8D9FC00BF05E5 /* AppleEventModel.swift */,
				5A9D933428B8DDFD00BF05E5 /* AppStatus.swift */,
			);
			path = Model;
			sourceTree = "<group>";
		};
		5A9D933128B8DDA400BF05E5 /* View */ = {
			isa = PBXGroup;
			children = (
				5A6DE69C28BA0AEE0000A294 /* Extensions */,
				5A9D933228B8DDB100BF05E5 /* SpecialEventView.swift */,
				5A913E372A21E99B00595CD7 /* EventDetailView.swift */,
				5A9D933628B8DE2500BF05E5 /* HeroView.swift */,
				5A9D933A28B8DEAA00BF05E5 /* ARQuickLookView.swift */,
				5A77572D2A025975008DA2D5 /* StoreProductView.swift */,
			);
			path = View;
			sourceTree = "<group>";
		};
		5A9D933C28B8DEF700BF05E5 /* DataSource */ = {
			isa = PBXGroup;
			children = (
				5A9D933D28B8DF0100BF05E5 /* ADAEventList.swift */,
				5A9D933F28B8DF9100BF05E5 /* WWDCEventList.swift */,
				5A9D934128B8DFBE00BF05E5 /* AppleEventList.swift */,
				5A913E392A221B8200595CD7 /* EventSource.swift */,
			);
			path = DataSource;
			sourceTree = "<group>";
		};
		5A9D934328B8E45E00BF05E5 /* AppleEvent */ = {
			isa = PBXGroup;
			children = (
				5A9D934A28B8E45E00BF05E5 /* wwdc22 */,
				5A99D84E2A26EE1E006029B0 /* apple_event_23_6_6.usdz */,
				5A9D934428B8E45E00BF05E5 /* apple_event_20_11_10.usdz */,
				5A9D934528B8E45E00BF05E5 /* apple_event_22_3_8.reality */,
				5A9D934628B8E45E00BF05E5 /* apple_event_21_9_14.reality */,
				5A9D934728B8E45E00BF05E5 /* apple_event_20_9_15.usdz */,
				5A9D934828B8E45E00BF05E5 /* apple_event_20_10_13.usdz */,
				5A9D934928B8E45E00BF05E5 /* apple_event_22_9_7.reality */,
				5A9D936428B8E45E00BF05E5 /* apple_event_21_10_18.reality */,
				5A9D936528B8E45E00BF05E5 /* apple_event_21_4_20.usdz */,
			);
			path = AppleEvent;
			sourceTree = "<group>";
		};
		5A9D934A28B8E45E00BF05E5 /* wwdc22 */ = {
			isa = PBXGroup;
			children = (
				5A9D934B28B8E45E00BF05E5 /* apple_event_en_26.usdz */,
				5A9D934C28B8E45E00BF05E5 /* apple_event_en_8.usdz */,
				5A9D934D28B8E45E00BF05E5 /* apple_event_en_10.usdz */,
				5A9D934E28B8E45E00BF05E5 /* apple_event_en_4.usdz */,
				5A9D934F28B8E45E00BF05E5 /* apple_event_en_5.usdz */,
				5A9D935028B8E45E00BF05E5 /* apple_event_en_11.usdz */,
				5A9D935128B8E45E00BF05E5 /* apple_event_en_9.usdz */,
				5A9D935228B8E45E00BF05E5 /* apple_event_en_16.usdz */,
				5A9D935328B8E45E00BF05E5 /* apple_event_en_2.usdz */,
				5A9D935428B8E45E00BF05E5 /* apple_event_en_20.usdz */,
				5A9D935528B8E45E00BF05E5 /* apple_event_en_21.usdz */,
				5A9D935628B8E45E00BF05E5 /* apple_event_en_3.usdz */,
				5A9D935728B8E45E00BF05E5 /* apple_event_en_17.usdz */,
				5A9D935828B8E45E00BF05E5 /* apple_event_en_22.usdz */,
				5A9D935928B8E45E00BF05E5 /* apple_event_en_18.usdz */,
				5A9D935A28B8E45E00BF05E5 /* apple_event_en_19.usdz */,
				5A9D935B28B8E45E00BF05E5 /* apple_event_en_23.usdz */,
				5A9D935C28B8E45E00BF05E5 /* apple_event_en_15.usdz */,
				5A9D935D28B8E45E00BF05E5 /* apple_event_en_1.usdz */,
				5A9D935E28B8E45E00BF05E5 /* apple_event_en_24.usdz */,
				5A9D935F28B8E45E00BF05E5 /* apple_event_en_6.usdz */,
				5A9D936028B8E45E00BF05E5 /* apple_event_en_12.usdz */,
				5A9D936128B8E45E00BF05E5 /* apple_event_en_13.usdz */,
				5A9D936228B8E45E00BF05E5 /* apple_event_en_7.usdz */,
				5A9D936328B8E45E00BF05E5 /* apple_event_en_25.usdz */,
			);
			path = wwdc22;
			sourceTree = "<group>";
		};
/* End PBXGroup section */

/* Begin PBXNativeTarget section */
		5A9D931C28B8D8D500BF05E5 /* Special Event */ = {
			isa = PBXNativeTarget;
			buildConfigurationList = 5A9D932B28B8D8D600BF05E5 /* Build configuration list for PBXNativeTarget "Special Event" */;
			buildPhases = (
				5A9D931928B8D8D500BF05E5 /* Sources */,
				5A9D931A28B8D8D500BF05E5 /* Frameworks */,
				5A9D931B28B8D8D500BF05E5 /* Resources */,
			);
			buildRules = (
			);
			dependencies = (
			);
			name = "Special Event";
			productName = AppleEventCollection;
			productReference = 5A9D931D28B8D8D500BF05E5 /* Special Event.app */;
			productType = "com.apple.product-type.application";
		};
/* End PBXNativeTarget section */

/* Begin PBXProject section */
		5A9D931528B8D8D500BF05E5 /* Project object */ = {
			isa = PBXProject;
			attributes = {
				BuildIndependentTargetsInParallel = 1;
				LastSwiftUpdateCheck = 1400;
				LastUpgradeCheck = 1400;
				ORGANIZATIONNAME = "Personal usage";
				TargetAttributes = {
					5A9D931C28B8D8D500BF05E5 = {
						CreatedOnToolsVersion = 14.0;
					};
				};
			};
			buildConfigurationList = 5A9D931828B8D8D500BF05E5 /* Build configuration list for PBXProject "Special Event" */;
			compatibilityVersion = "Xcode 14.0";
			developmentRegion = en;
			hasScannedForEncodings = 0;
			knownRegions = (
				en,
				Base,
			);
			mainGroup = 5A9D931428B8D8D500BF05E5;
			productRefGroup = 5A9D931E28B8D8D500BF05E5 /* Products */;
			projectDirPath = "";
			projectRoot = "";
			targets = (
				5A9D931C28B8D8D500BF05E5 /* Special Event */,
			);
		};
/* End PBXProject section */

/* Begin PBXResourcesBuildPhase section */
		5A9D931B28B8D8D500BF05E5 /* Resources */ = {
			isa = PBXResourcesBuildPhase;
			buildActionMask = 2147483647;
			files = (
				5A9D937528B8E45E00BF05E5 /* apple_event_en_20.usdz in Resources */,
				5A9D938228B8E45E00BF05E5 /* apple_event_en_13.usdz in Resources */,
				5A9D936828B8E45E00BF05E5 /* apple_event_21_9_14.reality in Resources */,
				5A9D937628B8E45E00BF05E5 /* apple_event_en_21.usdz in Resources */,
				5A9D938328B8E45E00BF05E5 /* apple_event_en_7.usdz in Resources */,
				5A9D938628B8E45E00BF05E5 /* apple_event_21_4_20.usdz in Resources */,
				5A9D937428B8E45E00BF05E5 /* apple_event_en_2.usdz in Resources */,
				5A9D937A28B8E45E00BF05E5 /* apple_event_en_18.usdz in Resources */,
				5A9D937E28B8E45E00BF05E5 /* apple_event_en_1.usdz in Resources */,
				5A9D937928B8E45E00BF05E5 /* apple_event_en_22.usdz in Resources */,
				5A9D936928B8E45E00BF05E5 /* apple_event_20_9_15.usdz in Resources */,
				5A9D936E28B8E45E00BF05E5 /* apple_event_en_10.usdz in Resources */,
				5A9D938128B8E45E00BF05E5 /* apple_event_en_12.usdz in Resources */,
				5A9D937B28B8E45E00BF05E5 /* apple_event_en_19.usdz in Resources */,
				5A9D938528B8E45E00BF05E5 /* apple_event_21_10_18.reality in Resources */,
				5A9D932828B8D8D600BF05E5 /* Preview Assets.xcassets in Resources */,
				5A9D937128B8E45E00BF05E5 /* apple_event_en_11.usdz in Resources */,
				5A9D937728B8E45E00BF05E5 /* apple_event_en_3.usdz in Resources */,
				5A99D84F2A26EE1E006029B0 /* apple_event_23_6_6.usdz in Resources */,
				5A9D938028B8E45E00BF05E5 /* apple_event_en_6.usdz in Resources */,
				5A9D937C28B8E45E00BF05E5 /* apple_event_en_23.usdz in Resources */,
				5A9D937328B8E45E00BF05E5 /* apple_event_en_16.usdz in Resources */,
				5A9D936D28B8E45E00BF05E5 /* apple_event_en_8.usdz in Resources */,
				5A9D936F28B8E45E00BF05E5 /* apple_event_en_4.usdz in Resources */,
				5A9D937828B8E45E00BF05E5 /* apple_event_en_17.usdz in Resources */,
				5A9D936728B8E45E00BF05E5 /* apple_event_22_3_8.reality in Resources */,
				5A9D937D28B8E45E00BF05E5 /* apple_event_en_15.usdz in Resources */,
				5A9D937228B8E45E00BF05E5 /* apple_event_en_9.usdz in Resources */,
				5A9D938428B8E45E00BF05E5 /* apple_event_en_25.usdz in Resources */,
				5A9D936A28B8E45E00BF05E5 /* apple_event_20_10_13.usdz in Resources */,
				5A9D936628B8E45E00BF05E5 /* apple_event_20_11_10.usdz in Resources */,
				5A9D936B28B8E45E00BF05E5 /* apple_event_22_9_7.reality in Resources */,
				5A9D937F28B8E45E00BF05E5 /* apple_event_en_24.usdz in Resources */,
				5A9D937028B8E45E00BF05E5 /* apple_event_en_5.usdz in Resources */,
				5A9D932528B8D8D600BF05E5 /* Assets.xcassets in Resources */,
				5A9D936C28B8E45E00BF05E5 /* apple_event_en_26.usdz in Resources */,
			);
			runOnlyForDeploymentPostprocessing = 0;
		};
/* End PBXResourcesBuildPhase section */

/* Begin PBXSourcesBuildPhase section */
		5A9D931928B8D8D500BF05E5 /* Sources */ = {
			isa = PBXSourcesBuildPhase;
			buildActionMask = 2147483647;
			files = (
				5A77572E2A025975008DA2D5 /* StoreProductView.swift in Sources */,
				5A9D933B28B8DEAA00BF05E5 /* ARQuickLookView.swift in Sources */,
				5A9D934028B8DF9100BF05E5 /* WWDCEventList.swift in Sources */,
				5A9D932328B8D8D500BF05E5 /* HomeView.swift in Sources */,
				5A9D933E28B8DF0100BF05E5 /* ADAEventList.swift in Sources */,
				5A6DE69E28BA0AFD0000A294 /* CustomSectionModifier.swift in Sources */,
				5A9D933528B8DDFD00BF05E5 /* AppStatus.swift in Sources */,
				5A9D933728B8DE2500BF05E5 /* HeroView.swift in Sources */,
				5A913E362A21E72300595CD7 /* VisualEffectView.swift in Sources */,
				5A9D934228B8DFBE00BF05E5 /* AppleEventList.swift in Sources */,
				5A913E382A21E99B00595CD7 /* EventDetailView.swift in Sources */,
				5A9D932128B8D8D500BF05E5 /* AppleEventCollectionApp.swift in Sources */,
				5A9D933028B8D9FC00BF05E5 /* AppleEventModel.swift in Sources */,
				5A9D933328B8DDB100BF05E5 /* SpecialEventView.swift in Sources */,
				5A913E3A2A221B8200595CD7 /* EventSource.swift in Sources */,
			);
			runOnlyForDeploymentPostprocessing = 0;
		};
/* End PBXSourcesBuildPhase section */

/* Begin XCBuildConfiguration section */
		5A9D932928B8D8D600BF05E5 /* Debug */ = {
			isa = XCBuildConfiguration;
			buildSettings = {
				ALWAYS_SEARCH_USER_PATHS = NO;
				CLANG_ANALYZER_NONNULL = YES;
				CLANG_ANALYZER_NUMBER_OBJECT_CONVERSION = YES_AGGRESSIVE;
				CLANG_CXX_LANGUAGE_STANDARD = "gnu++20";
				CLANG_ENABLE_MODULES = YES;
				CLANG_ENABLE_OBJC_ARC = YES;
				CLANG_ENABLE_OBJC_WEAK = YES;
				CLANG_WARN_BLOCK_CAPTURE_AUTORELEASING = YES;
				CLANG_WARN_BOOL_CONVERSION = YES;
				CLANG_WARN_COMMA = YES;
				CLANG_WARN_CONSTANT_CONVERSION = YES;
				CLANG_WARN_DEPRECATED_OBJC_IMPLEMENTATIONS = YES;
				CLANG_WARN_DIRECT_OBJC_ISA_USAGE = YES_ERROR;
				CLANG_WARN_DOCUMENTATION_COMMENTS = YES;
				CLANG_WARN_EMPTY_BODY = YES;
				CLANG_WARN_ENUM_CONVERSION = YES;
				CLANG_WARN_INFINITE_RECURSION = YES;
				CLANG_WARN_INT_CONVERSION = YES;
				CLANG_WARN_NON_LITERAL_NULL_CONVERSION = YES;
				CLANG_WARN_OBJC_IMPLICIT_RETAIN_SELF = YES;
				CLANG_WARN_OBJC_LITERAL_CONVERSION = YES;
				CLANG_WARN_OBJC_ROOT_CLASS = YES_ERROR;
				CLANG_WARN_QUOTED_INCLUDE_IN_FRAMEWORK_HEADER = YES;
				CLANG_WARN_RANGE_LOOP_ANALYSIS = YES;
				CLANG_WARN_STRICT_PROTOTYPES = YES;
				CLANG_WARN_SUSPICIOUS_MOVE = YES;
				CLANG_WARN_UNGUARDED_AVAILABILITY = YES_AGGRESSIVE;
				CLANG_WARN_UNREACHABLE_CODE = YES;
				CLANG_WARN__DUPLICATE_METHOD_MATCH = YES;
				COPY_PHASE_STRIP = NO;
				DEBUG_INFORMATION_FORMAT = dwarf;
				ENABLE_STRICT_OBJC_MSGSEND = YES;
				ENABLE_TESTABILITY = YES;
				GCC_C_LANGUAGE_STANDARD = gnu11;
				GCC_DYNAMIC_NO_PIC = NO;
				GCC_NO_COMMON_BLOCKS = YES;
				GCC_OPTIMIZATION_LEVEL = 0;
				GCC_PREPROCESSOR_DEFINITIONS = (
					"DEBUG=1",
					"$(inherited)",
				);
				GCC_WARN_64_TO_32_BIT_CONVERSION = YES;
				GCC_WARN_ABOUT_RETURN_TYPE = YES_ERROR;
				GCC_WARN_UNDECLARED_SELECTOR = YES;
				GCC_WARN_UNINITIALIZED_AUTOS = YES_AGGRESSIVE;
				GCC_WARN_UNUSED_FUNCTION = YES;
				GCC_WARN_UNUSED_VARIABLE = YES;
				IPHONEOS_DEPLOYMENT_TARGET = 15.4;
				MTL_ENABLE_DEBUG_INFO = INCLUDE_SOURCE;
				MTL_FAST_MATH = YES;
				ONLY_ACTIVE_ARCH = YES;
				SDKROOT = iphoneos;
				SWIFT_ACTIVE_COMPILATION_CONDITIONS = DEBUG;
				SWIFT_OPTIMIZATION_LEVEL = "-Onone";
			};
			name = Debug;
		};
		5A9D932A28B8D8D600BF05E5 /* Release */ = {
			isa = XCBuildConfiguration;
			buildSettings = {
				ALWAYS_SEARCH_USER_PATHS = NO;
				CLANG_ANALYZER_NONNULL = YES;
				CLANG_ANALYZER_NUMBER_OBJECT_CONVERSION = YES_AGGRESSIVE;
				CLANG_CXX_LANGUAGE_STANDARD = "gnu++20";
				CLANG_ENABLE_MODULES = YES;
				CLANG_ENABLE_OBJC_ARC = YES;
				CLANG_ENABLE_OBJC_WEAK = YES;
				CLANG_WARN_BLOCK_CAPTURE_AUTORELEASING = YES;
				CLANG_WARN_BOOL_CONVERSION = YES;
				CLANG_WARN_COMMA = YES;
				CLANG_WARN_CONSTANT_CONVERSION = YES;
				CLANG_WARN_DEPRECATED_OBJC_IMPLEMENTATIONS = YES;
				CLANG_WARN_DIRECT_OBJC_ISA_USAGE = YES_ERROR;
				CLANG_WARN_DOCUMENTATION_COMMENTS = YES;
				CLANG_WARN_EMPTY_BODY = YES;
				CLANG_WARN_ENUM_CONVERSION = YES;
				CLANG_WARN_INFINITE_RECURSION = YES;
				CLANG_WARN_INT_CONVERSION = YES;
				CLANG_WARN_NON_LITERAL_NULL_CONVERSION = YES;
				CLANG_WARN_OBJC_IMPLICIT_RETAIN_SELF = YES;
				CLANG_WARN_OBJC_LITERAL_CONVERSION = YES;
				CLANG_WARN_OBJC_ROOT_CLASS = YES_ERROR;
				CLANG_WARN_QUOTED_INCLUDE_IN_FRAMEWORK_HEADER = YES;
				CLANG_WARN_RANGE_LOOP_ANALYSIS = YES;
				CLANG_WARN_STRICT_PROTOTYPES = YES;
				CLANG_WARN_SUSPICIOUS_MOVE = YES;
				CLANG_WARN_UNGUARDED_AVAILABILITY = YES_AGGRESSIVE;
				CLANG_WARN_UNREACHABLE_CODE = YES;
				CLANG_WARN__DUPLICATE_METHOD_MATCH = YES;
				COPY_PHASE_STRIP = NO;
				DEBUG_INFORMATION_FORMAT = "dwarf-with-dsym";
				ENABLE_NS_ASSERTIONS = NO;
				ENABLE_STRICT_OBJC_MSGSEND = YES;
				GCC_C_LANGUAGE_STANDARD = gnu11;
				GCC_NO_COMMON_BLOCKS = YES;
				GCC_WARN_64_TO_32_BIT_CONVERSION = YES;
				GCC_WARN_ABOUT_RETURN_TYPE = YES_ERROR;
				GCC_WARN_UNDECLARED_SELECTOR = YES;
				GCC_WARN_UNINITIALIZED_AUTOS = YES_AGGRESSIVE;
				GCC_WARN_UNUSED_FUNCTION = YES;
				GCC_WARN_UNUSED_VARIABLE = YES;
				IPHONEOS_DEPLOYMENT_TARGET = 15.4;
				MTL_ENABLE_DEBUG_INFO = NO;
				MTL_FAST_MATH = YES;
				SDKROOT = iphoneos;
				SWIFT_COMPILATION_MODE = wholemodule;
				SWIFT_OPTIMIZATION_LEVEL = "-O";
				VALIDATE_PRODUCT = YES;
			};
			name = Release;
		};
		5A9D932C28B8D8D600BF05E5 /* Debug */ = {
			isa = XCBuildConfiguration;
			buildSettings = {
				ASSETCATALOG_COMPILER_APPICON_NAME = AppIcon;
				ASSETCATALOG_COMPILER_GLOBAL_ACCENT_COLOR_NAME = AccentColor;
				CODE_SIGN_STYLE = Automatic;
				CURRENT_PROJECT_VERSION = 2;
				DEVELOPMENT_ASSET_PATHS = "\"AppleEventCollection/Preview Content\"";
				DEVELOPMENT_TEAM = JCR4BH3C45;
				ENABLE_PREVIEWS = YES;
				GENERATE_INFOPLIST_FILE = YES;
				INFOPLIST_KEY_UIApplicationSceneManifest_Generation = YES;
				INFOPLIST_KEY_UIApplicationSupportsIndirectInputEvents = YES;
				INFOPLIST_KEY_UILaunchScreen_Generation = YES;
				INFOPLIST_KEY_UISupportedInterfaceOrientations_iPad = "UIInterfaceOrientationPortrait UIInterfaceOrientationPortraitUpsideDown UIInterfaceOrientationLandscapeLeft UIInterfaceOrientationLandscapeRight";
				INFOPLIST_KEY_UISupportedInterfaceOrientations_iPhone = "UIInterfaceOrientationPortrait UIInterfaceOrientationLandscapeLeft UIInterfaceOrientationLandscapeRight";
				LD_RUNPATH_SEARCH_PATHS = (
					"$(inherited)",
					"@executable_path/Frameworks",
				);
				MARKETING_VERSION = 1.0;
				PRODUCT_BUNDLE_IDENTIFIER = cn.zju.edu.12021074.AppleEventCollection;
				PRODUCT_NAME = "$(TARGET_NAME)";
				SWIFT_EMIT_LOC_STRINGS = YES;
				SWIFT_VERSION = 5.0;
				TARGETED_DEVICE_FAMILY = "1,2";
			};
			name = Debug;
		};
		5A9D932D28B8D8D600BF05E5 /* Release */ = {
			isa = XCBuildConfiguration;
			buildSettings = {
				ASSETCATALOG_COMPILER_APPICON_NAME = AppIcon;
				ASSETCATALOG_COMPILER_GLOBAL_ACCENT_COLOR_NAME = AccentColor;
				CODE_SIGN_STYLE = Automatic;
				CURRENT_PROJECT_VERSION = 2;
				DEVELOPMENT_ASSET_PATHS = "\"AppleEventCollection/Preview Content\"";
				DEVELOPMENT_TEAM = JCR4BH3C45;
				ENABLE_PREVIEWS = YES;
				GENERATE_INFOPLIST_FILE = YES;
				INFOPLIST_KEY_UIApplicationSceneManifest_Generation = YES;
				INFOPLIST_KEY_UIApplicationSupportsIndirectInputEvents = YES;
				INFOPLIST_KEY_UILaunchScreen_Generation = YES;
				INFOPLIST_KEY_UISupportedInterfaceOrientations_iPad = "UIInterfaceOrientationPortrait UIInterfaceOrientationPortraitUpsideDown UIInterfaceOrientationLandscapeLeft UIInterfaceOrientationLandscapeRight";
				INFOPLIST_KEY_UISupportedInterfaceOrientations_iPhone = "UIInterfaceOrientationPortrait UIInterfaceOrientationLandscapeLeft UIInterfaceOrientationLandscapeRight";
				LD_RUNPATH_SEARCH_PATHS = (
					"$(inherited)",
					"@executable_path/Frameworks",
				);
				MARKETING_VERSION = 1.0;
				PRODUCT_BUNDLE_IDENTIFIER = cn.zju.edu.12021074.AppleEventCollection;
				PRODUCT_NAME = "$(TARGET_NAME)";
				SWIFT_EMIT_LOC_STRINGS = YES;
				SWIFT_VERSION = 5.0;
				TARGETED_DEVICE_FAMILY = "1,2";
			};
			name = Release;
		};
/* End XCBuildConfiguration section */

/* Begin XCConfigurationList section */
		5A9D931828B8D8D500BF05E5 /* Build configuration list for PBXProject "Special Event" */ = {
			isa = XCConfigurationList;
			buildConfigurations = (
				5A9D932928B8D8D600BF05E5 /* Debug */,
				5A9D932A28B8D8D600BF05E5 /* Release */,
			);
			defaultConfigurationIsVisible = 0;
			defaultConfigurationName = Release;
		};
		5A9D932B28B8D8D600BF05E5 /* Build configuration list for PBXNativeTarget "Special Event" */ = {
			isa = XCConfigurationList;
			buildConfigurations = (
				5A9D932C28B8D8D600BF05E5 /* Debug */,
				5A9D932D28B8D8D600BF05E5 /* Release */,
			);
			defaultConfigurationIsVisible = 0;
			defaultConfigurationName = Release;
		};
/* End XCConfigurationList section */
	};
	rootObject = 5A9D931528B8D8D500BF05E5 /* Project object */;
}
